
Microsoft Visual Studio Solution File, Format Version 12.00
# Visual Studio Version 17
VisualStudioVersion = 17.1.32407.343
MinimumVisualStudioVersion = 10.0.40219.1
Project("{9A19103F-16F7-4668-BE54-9A1E7A4F7556}") = "Sas.AADAuth.TokenProvider", "Sas.AADAuth.TokenProvider\Sas.AADAuth.TokenProvider.csproj", "{8C9796E9-92EA-4B2B-BF8A-71526E803D17}"
EndProject
Project("{9A19103F-16F7-4668-BE54-9A1E7A4F7556}") = "Sas.AADAuth.TokenProvider.Test", "Sas.AADAuth.TokenProvider.Test\Sas.AADAuth.TokenProvider.Test.csproj", "{D2B09481-F3AC-41BD-8508-52CB946260E3}"
EndProject
Global
	GlobalSection(SolutionConfigurationPlatforms) = preSolution
		Debug|Any CPU = Debug|Any CPU
		Debug|x64 = Debug|x64
		Release|Any CPU = Release|Any CPU
		Release|x64 = Release|x64
	EndGlobalSection
	GlobalSection(ProjectConfigurationPlatforms) = postSolution
		{8C9796E9-92EA-4B2B-BF8A-71526E803D17}.Debug|Any CPU.ActiveCfg = Debug|Any CPU
		{8C9796E9-92EA-4B2B-BF8A-71526E803D17}.Debug|Any CPU.Build.0 = Debug|Any CPU
		{8C9796E9-92EA-4B2B-BF8A-71526E803D17}.Debug|x64.ActiveCfg = Debug|Any CPU
		{8C9796E9-92EA-4B2B-BF8A-71526E803D17}.Debug|x64.Build.0 = Debug|Any CPU
		{8C9796E9-92EA-4B2B-BF8A-71526E803D17}.Release|Any CPU.ActiveCfg = Release|Any CPU
		{8C9796E9-92EA-4B2B-BF8A-71526E803D17}.Release|Any CPU.Build.0 = Release|Any CPU
		{8C9796E9-92EA-4B2B-BF8A-71526E803D17}.Release|x64.ActiveCfg = Release|Any CPU
		{8C9796E9-92EA-4B2B-BF8A-71526E803D17}.Release|x64.Build.0 = Release|Any CPU
		{D2B09481-F3AC-41BD-8508-52CB946260E3}.Debug|Any CPU.ActiveCfg = Debug|Any CPU
		{D2B09481-F3AC-41BD-8508-52CB946260E3}.Debug|Any CPU.Build.0 = Debug|Any CPU
		{D2B09481-F3AC-41BD-8508-52CB946260E3}.Debug|x64.ActiveCfg = Debug|Any CPU
		{D2B09481-F3AC-41BD-8508-52CB946260E3}.Debug|x64.Build.0 = Debug|Any CPU
		{D2B09481-F3AC-41BD-8508-52CB946260E3}.Release|Any CPU.ActiveCfg = Release|Any CPU
		{D2B09481-F3AC-41BD-8508-52CB946260E3}.Release|Any CPU.Build.0 = Release|Any CPU
		{D2B09481-F3AC-41BD-8508-52CB946260E3}.Release|x64.ActiveCfg = Release|Any CPU
		{D2B09481-F3AC-41BD-8508-52CB946260E3}.Release|x64.Build.0 = Release|Any CPU
	EndGlobalSection
	GlobalSection(SolutionProperties) = preSolution
		HideSolutionNode = FALSE
	EndGlobalSection
	GlobalSection(ExtensibilityGlobals) = postSolution
		SolutionGuid = {03BBE80F-F4B7-4BE6-BCC1-DB365AF42CCC}
	EndGlobalSection
EndGlobal
